// !$*UTF8*$!
{
	archiveVersion = 1;
	classes = {
	};
	objectVersion = 50;
	objects = {

/* Begin PBXBuildFile section */
		07D893CA21C1350200FF1572 /* AppDelegate.m in Sources */ = {isa = PBXBuildFile; fileRef = 07D893C921C1350200FF1572 /* AppDelegate.m */; };
		07D893CD21C1350200FF1572 /* ViewController.m in Sources */ = {isa = PBXBuildFile; fileRef = 07D893CC21C1350200FF1572 /* ViewController.m */; };
		07D893D021C1350200FF1572 /* Main.storyboard in Resources */ = {isa = PBXBuildFile; fileRef = 07D893CE21C1350200FF1572 /* Main.storyboard */; };
		07D893D221C1350300FF1572 /* Assets.xcassets in Resources */ = {isa = PBXBuildFile; fileRef = 07D893D121C1350300FF1572 /* Assets.xcassets */; };
		07D893D521C1350300FF1572 /* LaunchScreen.storyboard in Resources */ = {isa = PBXBuildFile; fileRef = 07D893D321C1350300FF1572 /* LaunchScreen.storyboard */; };
		07D893D821C1350300FF1572 /* main.m in Sources */ = {isa = PBXBuildFile; fileRef = 07D893D721C1350300FF1572 /* main.m */; };
		07D893FC21C1350E00FF1572 /* fishhook.c in Sources */ = {isa = PBXBuildFile; fileRef = 07D893FB21C1350E00FF1572 /* fishhook.c */; };
		18172BAA245AD4E200396928 /* mz_strm_os_posix.c in Sources */ = {isa = PBXBuildFile; fileRef = 18172B89245AD4E200396928 /* mz_strm_os_posix.c */; };
		18172BAB245AD4E200396928 /* mz_strm_pkcrypt.c in Sources */ = {isa = PBXBuildFile; fileRef = 18172B8A245AD4E200396928 /* mz_strm_pkcrypt.c */; };
		18172BAC245AD4E200396928 /* mz_strm_zlib.c in Sources */ = {isa = PBXBuildFile; fileRef = 18172B8D245AD4E200396928 /* mz_strm_zlib.c */; };
		18172BAD245AD4E200396928 /* mz_zip.c in Sources */ = {isa = PBXBuildFile; fileRef = 18172B8E245AD4E200396928 /* mz_zip.c */; };
		18172BAE245AD4E200396928 /* LICENSE in Resources */ = {isa = PBXBuildFile; fileRef = 18172B90245AD4E200396928 /* LICENSE */; };
		18172BAF245AD4E200396928 /* mz_zip_rw.c in Sources */ = {isa = PBXBuildFile; fileRef = 18172B91245AD4E200396928 /* mz_zip_rw.c */; };
		18172BB0245AD4E200396928 /* mz_crypt_apple.c in Sources */ = {isa = PBXBuildFile; fileRef = 18172B94245AD4E200396928 /* mz_crypt_apple.c */; };
		18172BB1245AD4E200396928 /* mz_strm_mem.c in Sources */ = {isa = PBXBuildFile; fileRef = 18172B96245AD4E200396928 /* mz_strm_mem.c */; };
		18172BB2245AD4E200396928 /* mz_crypt.c in Sources */ = {isa = PBXBuildFile; fileRef = 18172B97245AD4E200396928 /* mz_crypt.c */; };
		18172BB3245AD4E200396928 /* mz_strm_wzaes.c in Sources */ = {isa = PBXBuildFile; fileRef = 18172B98245AD4E200396928 /* mz_strm_wzaes.c */; };
		18172BB4245AD4E200396928 /* mz_compat.c in Sources */ = {isa = PBXBuildFile; fileRef = 18172B9A245AD4E200396928 /* mz_compat.c */; };
		18172BB5245AD4E200396928 /* mz_os.c in Sources */ = {isa = PBXBuildFile; fileRef = 18172B9D245AD4E200396928 /* mz_os.c */; };
		18172BB6245AD4E200396928 /* mz_os_posix.c in Sources */ = {isa = PBXBuildFile; fileRef = 18172B9F245AD4E200396928 /* mz_os_posix.c */; };
		18172BB7245AD4E200396928 /* mz_strm_buf.c in Sources */ = {isa = PBXBuildFile; fileRef = 18172BA1245AD4E200396928 /* mz_strm_buf.c */; };
		18172BB8245AD4E200396928 /* mz_strm_split.c in Sources */ = {isa = PBXBuildFile; fileRef = 18172BA2245AD4E200396928 /* mz_strm_split.c */; };
		18172BB9245AD4E200396928 /* mz_strm.c in Sources */ = {isa = PBXBuildFile; fileRef = 18172BA5245AD4E200396928 /* mz_strm.c */; };
		18172BBA245AD4E200396928 /* SSZipArchive.m in Sources */ = {isa = PBXBuildFile; fileRef = 18172BA9245AD4E200396928 /* SSZipArchive.m */; };
		18172BBD245AD55D00396928 /* libiconv.tbd in Frameworks */ = {isa = PBXBuildFile; fileRef = 18172BBC245AD55D00396928 /* libiconv.tbd */; };
		18172BC0245AD59400396928 /* Sample Data in Resources */ = {isa = PBXBuildFile; fileRef = 18172BBE245AD57B00396928 /* Sample Data */; };
/* End PBXBuildFile section */

/* Begin PBXFileReference section */
		07D893C521C1350200FF1572 /* 001--fishHookDemo.app */ = {isa = PBXFileReference; explicitFileType = wrapper.application; includeInIndex = 0; path = "001--fishHookDemo.app"; sourceTree = BUILT_PRODUCTS_DIR; };
		07D893C821C1350200FF1572 /* AppDelegate.h */ = {isa = PBXFileReference; lastKnownFileType = sourcecode.c.h; path = AppDelegate.h; sourceTree = "<group>"; };
		07D893C921C1350200FF1572 /* AppDelegate.m */ = {isa = PBXFileReference; lastKnownFileType = sourcecode.c.objc; path = AppDelegate.m; sourceTree = "<group>"; };
		07D893CB21C1350200FF1572 /* ViewController.h */ = {isa = PBXFileReference; lastKnownFileType = sourcecode.c.h; path = ViewController.h; sourceTree = "<group>"; };
		07D893CC21C1350200FF1572 /* ViewController.m */ = {isa = PBXFileReference; lastKnownFileType = sourcecode.c.objc; path = ViewController.m; sourceTree = "<group>"; };
		07D893CF21C1350200FF1572 /* Base */ = {isa = PBXFileReference; lastKnownFileType = file.storyboard; name = Base; path = Base.lproj/Main.storyboard; sourceTree = "<group>"; };
		07D893D121C1350300FF1572 /* Assets.xcassets */ = {isa = PBXFileReference; lastKnownFileType = folder.assetcatalog; path = Assets.xcassets; sourceTree = "<group>"; };
		07D893D421C1350300FF1572 /* Base */ = {isa = PBXFileReference; lastKnownFileType = file.storyboard; name = Base; path = Base.lproj/LaunchScreen.storyboard; sourceTree = "<group>"; };
		07D893D621C1350300FF1572 /* Info.plist */ = {isa = PBXFileReference; lastKnownFileType = text.plist.xml; path = Info.plist; sourceTree = "<group>"; };
		07D893D721C1350300FF1572 /* main.m */ = {isa = PBXFileReference; lastKnownFileType = sourcecode.c.objc; path = main.m; sourceTree = "<group>"; };
		07D893FA21C1350E00FF1572 /* fishhook.h */ = {isa = PBXFileReference; fileEncoding = 4; lastKnownFileType = sourcecode.c.h; path = fishhook.h; sourceTree = "<group>"; };
		07D893FB21C1350E00FF1572 /* fishhook.c */ = {isa = PBXFileReference; fileEncoding = 4; lastKnownFileType = sourcecode.c.c; path = fishhook.c; sourceTree = "<group>"; };
		18172B87245AD4E200396928 /* ZipArchive.h */ = {isa = PBXFileReference; fileEncoding = 4; lastKnownFileType = sourcecode.c.h; path = ZipArchive.h; sourceTree = "<group>"; };
		18172B89245AD4E200396928 /* mz_strm_os_posix.c */ = {isa = PBXFileReference; fileEncoding = 4; lastKnownFileType = sourcecode.c.c; path = mz_strm_os_posix.c; sourceTree = "<group>"; };
		18172B8A245AD4E200396928 /* mz_strm_pkcrypt.c */ = {isa = PBXFileReference; fileEncoding = 4; lastKnownFileType = sourcecode.c.c; path = mz_strm_pkcrypt.c; sourceTree = "<group>"; };
		18172B8B245AD4E200396928 /* mz_strm_wzaes.h */ = {isa = PBXFileReference; fileEncoding = 4; lastKnownFileType = sourcecode.c.h; path = mz_strm_wzaes.h; sourceTree = "<group>"; };
		18172B8C245AD4E200396928 /* mz_compat.h */ = {isa = PBXFileReference; fileEncoding = 4; lastKnownFileType = sourcecode.c.h; path = mz_compat.h; sourceTree = "<group>"; };
		18172B8D245AD4E200396928 /* mz_strm_zlib.c */ = {isa = PBXFileReference; fileEncoding = 4; lastKnownFileType = sourcecode.c.c; path = mz_strm_zlib.c; sourceTree = "<group>"; };
		18172B8E245AD4E200396928 /* mz_zip.c */ = {isa = PBXFileReference; fileEncoding = 4; lastKnownFileType = sourcecode.c.c; path = mz_zip.c; sourceTree = "<group>"; };
		18172B8F245AD4E200396928 /* mz_os.h */ = {isa = PBXFileReference; fileEncoding = 4; lastKnownFileType = sourcecode.c.h; path = mz_os.h; sourceTree = "<group>"; };
		18172B90245AD4E200396928 /* LICENSE */ = {isa = PBXFileReference; fileEncoding = 4; lastKnownFileType = text; path = LICENSE; sourceTree = "<group>"; };
		18172B91245AD4E200396928 /* mz_zip_rw.c */ = {isa = PBXFileReference; fileEncoding = 4; lastKnownFileType = sourcecode.c.c; path = mz_zip_rw.c; sourceTree = "<group>"; };
		18172B92245AD4E200396928 /* mz_strm_split.h */ = {isa = PBXFileReference; fileEncoding = 4; lastKnownFileType = sourcecode.c.h; path = mz_strm_split.h; sourceTree = "<group>"; };
		18172B93245AD4E200396928 /* mz_strm_buf.h */ = {isa = PBXFileReference; fileEncoding = 4; lastKnownFileType = sourcecode.c.h; path = mz_strm_buf.h; sourceTree = "<group>"; };
		18172B94245AD4E200396928 /* mz_crypt_apple.c */ = {isa = PBXFileReference; fileEncoding = 4; lastKnownFileType = sourcecode.c.c; path = mz_crypt_apple.c; sourceTree = "<group>"; };
		18172B95245AD4E200396928 /* mz_strm.h */ = {isa = PBXFileReference; fileEncoding = 4; lastKnownFileType = sourcecode.c.h; path = mz_strm.h; sourceTree = "<group>"; };
		18172B96245AD4E200396928 /* mz_strm_mem.c */ = {isa = PBXFileReference; fileEncoding = 4; lastKnownFileType = sourcecode.c.c; path = mz_strm_mem.c; sourceTree = "<group>"; };
		18172B97245AD4E200396928 /* mz_crypt.c */ = {isa = PBXFileReference; fileEncoding = 4; lastKnownFileType = sourcecode.c.c; path = mz_crypt.c; sourceTree = "<group>"; };
		18172B98245AD4E200396928 /* mz_strm_wzaes.c */ = {isa = PBXFileReference; fileEncoding = 4; lastKnownFileType = sourcecode.c.c; path = mz_strm_wzaes.c; sourceTree = "<group>"; };
		18172B99245AD4E200396928 /* mz_strm_zlib.h */ = {isa = PBXFileReference; fileEncoding = 4; lastKnownFileType = sourcecode.c.h; path = mz_strm_zlib.h; sourceTree = "<group>"; };
		18172B9A245AD4E200396928 /* mz_compat.c */ = {isa = PBXFileReference; fileEncoding = 4; lastKnownFileType = sourcecode.c.c; path = mz_compat.c; sourceTree = "<group>"; };
		18172B9B245AD4E200396928 /* mz_strm_pkcrypt.h */ = {isa = PBXFileReference; fileEncoding = 4; lastKnownFileType = sourcecode.c.h; path = mz_strm_pkcrypt.h; sourceTree = "<group>"; };
		18172B9C245AD4E200396928 /* mz_zip_rw.h */ = {isa = PBXFileReference; fileEncoding = 4; lastKnownFileType = sourcecode.c.h; path = mz_zip_rw.h; sourceTree = "<group>"; };
		18172B9D245AD4E200396928 /* mz_os.c */ = {isa = PBXFileReference; fileEncoding = 4; lastKnownFileType = sourcecode.c.c; path = mz_os.c; sourceTree = "<group>"; };
		18172B9E245AD4E200396928 /* mz_zip.h */ = {isa = PBXFileReference; fileEncoding = 4; lastKnownFileType = sourcecode.c.h; path = mz_zip.h; sourceTree = "<group>"; };
		18172B9F245AD4E200396928 /* mz_os_posix.c */ = {isa = PBXFileReference; fileEncoding = 4; lastKnownFileType = sourcecode.c.c; path = mz_os_posix.c; sourceTree = "<group>"; };
		18172BA0245AD4E200396928 /* mz.h */ = {isa = PBXFileReference; fileEncoding = 4; lastKnownFileType = sourcecode.c.h; path = mz.h; sourceTree = "<group>"; };
		18172BA1245AD4E200396928 /* mz_strm_buf.c */ = {isa = PBXFileReference; fileEncoding = 4; lastKnownFileType = sourcecode.c.c; path = mz_strm_buf.c; sourceTree = "<group>"; };
		18172BA2245AD4E200396928 /* mz_strm_split.c */ = {isa = PBXFileReference; fileEncoding = 4; lastKnownFileType = sourcecode.c.c; path = mz_strm_split.c; sourceTree = "<group>"; };
		18172BA3245AD4E200396928 /* mz_crypt.h */ = {isa = PBXFileReference; fileEncoding = 4; lastKnownFileType = sourcecode.c.h; path = mz_crypt.h; sourceTree = "<group>"; };
		18172BA4245AD4E200396928 /* mz_strm_mem.h */ = {isa = PBXFileReference; fileEncoding = 4; lastKnownFileType = sourcecode.c.h; path = mz_strm_mem.h; sourceTree = "<group>"; };
		18172BA5245AD4E200396928 /* mz_strm.c */ = {isa = PBXFileReference; fileEncoding = 4; lastKnownFileType = sourcecode.c.c; path = mz_strm.c; sourceTree = "<group>"; };
		18172BA6245AD4E200396928 /* mz_strm_os.h */ = {isa = PBXFileReference; fileEncoding = 4; lastKnownFileType = sourcecode.c.h; path = mz_strm_os.h; sourceTree = "<group>"; };
		18172BA7245AD4E200396928 /* SSZipArchive.h */ = {isa = PBXFileReference; fileEncoding = 4; lastKnownFileType = sourcecode.c.h; path = SSZipArchive.h; sourceTree = "<group>"; };
		18172BA8245AD4E200396928 /* SSZipCommon.h */ = {isa = PBXFileReference; fileEncoding = 4; lastKnownFileType = sourcecode.c.h; path = SSZipCommon.h; sourceTree = "<group>"; };
		18172BA9245AD4E200396928 /* SSZipArchive.m */ = {isa = PBXFileReference; fileEncoding = 4; lastKnownFileType = sourcecode.c.objc; path = SSZipArchive.m; sourceTree = "<group>"; };
		18172BBC245AD55D00396928 /* libiconv.tbd */ = {isa = PBXFileReference; lastKnownFileType = "sourcecode.text-based-dylib-definition"; name = libiconv.tbd; path = usr/lib/libiconv.tbd; sourceTree = SDKROOT; };
		18172BBE245AD57B00396928 /* Sample Data */ = {isa = PBXFileReference; fileEncoding = 4; lastKnownFileType = text; path = "Sample Data"; sourceTree = SOURCE_ROOT; };
/* End PBXFileReference section */

/* Begin PBXFrameworksBuildPhase section */
		07D893C221C1350200FF1572 /* Frameworks */ = {
			isa = PBXFrameworksBuildPhase;
			buildActionMask = 2147483647;
			files = (
				18172BBD245AD55D00396928 /* libiconv.tbd in Frameworks */,
			);
			runOnlyForDeploymentPostprocessing = 0;
		};
/* End PBXFrameworksBuildPhase section */

/* Begin PBXGroup section */
		07D893BC21C1350200FF1572 = {
			isa = PBXGroup;
			children = (
				07D893C721C1350200FF1572 /* 001--fishHookDemo */,
				07D893C621C1350200FF1572 /* Products */,
				18172BBB245AD55D00396928 /* Frameworks */,
			);
			sourceTree = "<group>";
		};
		07D893C621C1350200FF1572 /* Products */ = {
			isa = PBXGroup;
			children = (
				07D893C521C1350200FF1572 /* 001--fishHookDemo.app */,
			);
			name = Products;
			sourceTree = "<group>";
		};
		07D893C721C1350200FF1572 /* 001--fishHookDemo */ = {
			isa = PBXGroup;
			children = (
				18172BBE245AD57B00396928 /* Sample Data */,
				18172B86245AD4E200396928 /* Arhive */,
				07D893FB21C1350E00FF1572 /* fishhook.c */,
				07D893FA21C1350E00FF1572 /* fishhook.h */,
				07D893C821C1350200FF1572 /* AppDelegate.h */,
				07D893C921C1350200FF1572 /* AppDelegate.m */,
				07D893CB21C1350200FF1572 /* ViewController.h */,
				07D893CC21C1350200FF1572 /* ViewController.m */,
				07D893CE21C1350200FF1572 /* Main.storyboard */,
				07D893D121C1350300FF1572 /* Assets.xcassets */,
				07D893D321C1350300FF1572 /* LaunchScreen.storyboard */,
				07D893D621C1350300FF1572 /* Info.plist */,
				07D893D721C1350300FF1572 /* main.m */,
			);
			path = "001--fishHookDemo";
			sourceTree = "<group>";
		};
		18172B86245AD4E200396928 /* Arhive */ = {
			isa = PBXGroup;
			children = (
				18172B87245AD4E200396928 /* ZipArchive.h */,
				18172B88245AD4E200396928 /* minizip */,
				18172BA7245AD4E200396928 /* SSZipArchive.h */,
				18172BA8245AD4E200396928 /* SSZipCommon.h */,
				18172BA9245AD4E200396928 /* SSZipArchive.m */,
			);
			path = Arhive;
			sourceTree = "<group>";
		};
		18172B88245AD4E200396928 /* minizip */ = {
			isa = PBXGroup;
			children = (
				18172B89245AD4E200396928 /* mz_strm_os_posix.c */,
				18172B8A245AD4E200396928 /* mz_strm_pkcrypt.c */,
				18172B8B245AD4E200396928 /* mz_strm_wzaes.h */,
				18172B8C245AD4E200396928 /* mz_compat.h */,
				18172B8D245AD4E200396928 /* mz_strm_zlib.c */,
				18172B8E245AD4E200396928 /* mz_zip.c */,
				18172B8F245AD4E200396928 /* mz_os.h */,
				18172B90245AD4E200396928 /* LICENSE */,
				18172B91245AD4E200396928 /* mz_zip_rw.c */,
				18172B92245AD4E200396928 /* mz_strm_split.h */,
				18172B93245AD4E200396928 /* mz_strm_buf.h */,
				18172B94245AD4E200396928 /* mz_crypt_apple.c */,
				18172B95245AD4E200396928 /* mz_strm.h */,
				18172B96245AD4E200396928 /* mz_strm_mem.c */,
				18172B97245AD4E200396928 /* mz_crypt.c */,
				18172B98245AD4E200396928 /* mz_strm_wzaes.c */,
				18172B99245AD4E200396928 /* mz_strm_zlib.h */,
				18172B9A245AD4E200396928 /* mz_compat.c */,
				18172B9B245AD4E200396928 /* mz_strm_pkcrypt.h */,
				18172B9C245AD4E200396928 /* mz_zip_rw.h */,
				18172B9D245AD4E200396928 /* mz_os.c */,
				18172B9E245AD4E200396928 /* mz_zip.h */,
				18172B9F245AD4E200396928 /* mz_os_posix.c */,
				18172BA0245AD4E200396928 /* mz.h */,
				18172BA1245AD4E200396928 /* mz_strm_buf.c */,
				18172BA2245AD4E200396928 /* mz_strm_split.c */,
				18172BA3245AD4E200396928 /* mz_crypt.h */,
				18172BA4245AD4E200396928 /* mz_strm_mem.h */,
				18172BA5245AD4E200396928 /* mz_strm.c */,
				18172BA6245AD4E200396928 /* mz_strm_os.h */,
			);
			path = minizip;
			sourceTree = "<group>";
		};
		18172BBB245AD55D00396928 /* Frameworks */ = {
			isa = PBXGroup;
			children = (
				18172BBC245AD55D00396928 /* libiconv.tbd */,
			);
			name = Frameworks;
			sourceTree = "<group>";
		};
/* End PBXGroup section */

/* Begin PBXNativeTarget section */
		07D893C421C1350200FF1572 /* 001--fishHookDemo */ = {
			isa = PBXNativeTarget;
			buildConfigurationList = 07D893F121C1350400FF1572 /* Build configuration list for PBXNativeTarget "001--fishHookDemo" */;
			buildPhases = (
				07D893C121C1350200FF1572 /* Sources */,
				07D893C221C1350200FF1572 /* Frameworks */,
				07D893C321C1350200FF1572 /* Resources */,
			);
			buildRules = (
			);
			dependencies = (
			);
			name = "001--fishHookDemo";
			productName = "001--fishHookDemo";
			productReference = 07D893C521C1350200FF1572 /* 001--fishHookDemo.app */;
			productType = "com.apple.product-type.application";
		};
/* End PBXNativeTarget section */

/* Begin PBXProject section */
		07D893BD21C1350200FF1572 /* Project object */ = {
			isa = PBXProject;
			attributes = {
				LastUpgradeCheck = 1000;
				ORGANIZATIONNAME = LogicEDU;
				TargetAttributes = {
					07D893C421C1350200FF1572 = {
						CreatedOnToolsVersion = 10.0;
					};
				};
			};
			buildConfigurationList = 07D893C021C1350200FF1572 /* Build configuration list for PBXProject "001--fishHookDemo" */;
			compatibilityVersion = "Xcode 9.3";
			developmentRegion = en;
			hasScannedForEncodings = 0;
			knownRegions = (
				en,
				Base,
			);
			mainGroup = 07D893BC21C1350200FF1572;
			productRefGroup = 07D893C621C1350200FF1572 /* Products */;
			projectDirPath = "";
			projectRoot = "";
			targets = (
				07D893C421C1350200FF1572 /* 001--fishHookDemo */,
			);
		};
/* End PBXProject section */

/* Begin PBXResourcesBuildPhase section */
		07D893C321C1350200FF1572 /* Resources */ = {
			isa = PBXResourcesBuildPhase;
			buildActionMask = 2147483647;
			files = (
				18172BC0245AD59400396928 /* Sample Data in Resources */,
				07D893D521C1350300FF1572 /* LaunchScreen.storyboard in Resources */,
				07D893D221C1350300FF1572 /* Assets.xcassets in Resources */,
				18172BAE245AD4E200396928 /* LICENSE in Resources */,
				07D893D021C1350200FF1572 /* Main.storyboard in Resources */,
			);
			runOnlyForDeploymentPostprocessing = 0;
		};
/* End PBXResourcesBuildPhase section */

/* Begin PBXSourcesBuildPhase section */
		07D893C121C1350200FF1572 /* Sources */ = {
			isa = PBXSourcesBuildPhase;
			buildActionMask = 2147483647;
			files = (
				07D893CD21C1350200FF1572 /* ViewController.m in Sources */,
				18172BAA245AD4E200396928 /* mz_strm_os_posix.c in Sources */,
				18172BAD245AD4E200396928 /* mz_zip.c in Sources */,
				18172BB9245AD4E200396928 /* mz_strm.c in Sources */,
				07D893D821C1350300FF1572 /* main.m in Sources */,
				18172BAF245AD4E200396928 /* mz_zip_rw.c in Sources */,
				18172BAC245AD4E200396928 /* mz_strm_zlib.c in Sources */,
				18172BB5245AD4E200396928 /* mz_os.c in Sources */,
				07D893FC21C1350E00FF1572 /* fishhook.c in Sources */,
				18172BB7245AD4E200396928 /* mz_strm_buf.c in Sources */,
				18172BB8245AD4E200396928 /* mz_strm_split.c in Sources */,
				18172BB6245AD4E200396928 /* mz_os_posix.c in Sources */,
				18172BB3245AD4E200396928 /* mz_strm_wzaes.c in Sources */,
				18172BB2245AD4E200396928 /* mz_crypt.c in Sources */,
				18172BB1245AD4E200396928 /* mz_strm_mem.c in Sources */,
				18172BB4245AD4E200396928 /* mz_compat.c in Sources */,
				18172BBA245AD4E200396928 /* SSZipArchive.m in Sources */,
				18172BAB245AD4E200396928 /* mz_strm_pkcrypt.c in Sources */,
				18172BB0245AD4E200396928 /* mz_crypt_apple.c in Sources */,
				07D893CA21C1350200FF1572 /* AppDelegate.m in Sources */,
			);
			runOnlyForDeploymentPostprocessing = 0;
		};
/* End PBXSourcesBuildPhase section */

/* Begin PBXVariantGroup section */
		07D893CE21C1350200FF1572 /* Main.storyboard */ = {
			isa = PBXVariantGroup;
			children = (
				07D893CF21C1350200FF1572 /* Base */,
			);
			name = Main.storyboard;
			sourceTree = "<group>";
		};
		07D893D321C1350300FF1572 /* LaunchScreen.storyboard */ = {
			isa = PBXVariantGroup;
			children = (
				07D893D421C1350300FF1572 /* Base */,
			);
			name = LaunchScreen.storyboard;
			sourceTree = "<group>";
		};
/* End PBXVariantGroup section */

/* Begin XCBuildConfiguration section */
		07D893EF21C1350400FF1572 /* Debug */ = {
			isa = XCBuildConfiguration;
			buildSettings = {
				ALWAYS_SEARCH_USER_PATHS = NO;
				CLANG_ANALYZER_NONNULL = YES;
				CLANG_ANALYZER_NUMBER_OBJECT_CONVERSION = YES_AGGRESSIVE;
				CLANG_CXX_LANGUAGE_STANDARD = "gnu++14";
				CLANG_CXX_LIBRARY = "libc++";
				CLANG_ENABLE_MODULES = YES;
				CLANG_ENABLE_OBJC_ARC = YES;
				CLANG_ENABLE_OBJC_WEAK = YES;
				CLANG_WARN_BLOCK_CAPTURE_AUTORELEASING = YES;
				CLANG_WARN_BOOL_CONVERSION = YES;
				CLANG_WARN_COMMA = YES;
				CLANG_WARN_CONSTANT_CONVERSION = YES;
				CLANG_WARN_DEPRECATED_OBJC_IMPLEMENTATIONS = YES;
				CLANG_WARN_DIRECT_OBJC_ISA_USAGE = YES_ERROR;
				CLANG_WARN_DOCUMENTATION_COMMENTS = YES;
				CLANG_WARN_EMPTY_BODY = YES;
				CLANG_WARN_ENUM_CONVERSION = YES;
				CLANG_WARN_INFINITE_RECURSION = YES;
				CLANG_WARN_INT_CONVERSION = YES;
				CLANG_WARN_NON_LITERAL_NULL_CONVERSION = YES;
				CLANG_WARN_OBJC_IMPLICIT_RETAIN_SELF = YES;
				CLANG_WARN_OBJC_LITERAL_CONVERSION = YES;
				CLANG_WARN_OBJC_ROOT_CLASS = YES_ERROR;
				CLANG_WARN_RANGE_LOOP_ANALYSIS = YES;
				CLANG_WARN_STRICT_PROTOTYPES = YES;
				CLANG_WARN_SUSPICIOUS_MOVE = YES;
				CLANG_WARN_UNGUARDED_AVAILABILITY = YES_AGGRESSIVE;
				CLANG_WARN_UNREACHABLE_CODE = YES;
				CLANG_WARN__DUPLICATE_METHOD_MATCH = YES;
				CODE_SIGN_IDENTITY = "iPhone Developer";
				COPY_PHASE_STRIP = NO;
				DEBUG_INFORMATION_FORMAT = dwarf;
				ENABLE_STRICT_OBJC_MSGSEND = YES;
				ENABLE_TESTABILITY = YES;
				GCC_C_LANGUAGE_STANDARD = gnu11;
				GCC_DYNAMIC_NO_PIC = NO;
				GCC_NO_COMMON_BLOCKS = YES;
				GCC_OPTIMIZATION_LEVEL = 0;
				GCC_PREPROCESSOR_DEFINITIONS = (
					"DEBUG=1",
					"$(inherited)",
				);
				GCC_WARN_64_TO_32_BIT_CONVERSION = YES;
				GCC_WARN_ABOUT_RETURN_TYPE = YES_ERROR;
				GCC_WARN_UNDECLARED_SELECTOR = YES;
				GCC_WARN_UNINITIALIZED_AUTOS = YES_AGGRESSIVE;
				GCC_WARN_UNUSED_FUNCTION = YES;
				GCC_WARN_UNUSED_VARIABLE = YES;
				IPHONEOS_DEPLOYMENT_TARGET = 12.0;
				MTL_ENABLE_DEBUG_INFO = INCLUDE_SOURCE;
				MTL_FAST_MATH = YES;
				ONLY_ACTIVE_ARCH = YES;
				SDKROOT = iphoneos;
			};
			name = Debug;
		};
		07D893F021C1350400FF1572 /* Release */ = {
			isa = XCBuildConfiguration;
			buildSettings = {
				ALWAYS_SEARCH_USER_PATHS = NO;
				CLANG_ANALYZER_NONNULL = YES;
				CLANG_ANALYZER_NUMBER_OBJECT_CONVERSION = YES_AGGRESSIVE;
				CLANG_CXX_LANGUAGE_STANDARD = "gnu++14";
				CLANG_CXX_LIBRARY = "libc++";
				CLANG_ENABLE_MODULES = YES;
				CLANG_ENABLE_OBJC_ARC = YES;
				CLANG_ENABLE_OBJC_WEAK = YES;
				CLANG_WARN_BLOCK_CAPTURE_AUTORELEASING = YES;
				CLANG_WARN_BOOL_CONVERSION = YES;
				CLANG_WARN_COMMA = YES;
				CLANG_WARN_CONSTANT_CONVERSION = YES;
				CLANG_WARN_DEPRECATED_OBJC_IMPLEMENTATIONS = YES;
				CLANG_WARN_DIRECT_OBJC_ISA_USAGE = YES_ERROR;
				CLANG_WARN_DOCUMENTATION_COMMENTS = YES;
				CLANG_WARN_EMPTY_BODY = YES;
				CLANG_WARN_ENUM_CONVERSION = YES;
				CLANG_WARN_INFINITE_RECURSION = YES;
				CLANG_WARN_INT_CONVERSION = YES;
				CLANG_WARN_NON_LITERAL_NULL_CONVERSION = YES;
				CLANG_WARN_OBJC_IMPLICIT_RETAIN_SELF = YES;
				CLANG_WARN_OBJC_LITERAL_CONVERSION = YES;
				CLANG_WARN_OBJC_ROOT_CLASS = YES_ERROR;
				CLANG_WARN_RANGE_LOOP_ANALYSIS = YES;
				CLANG_WARN_STRICT_PROTOTYPES = YES;
				CLANG_WARN_SUSPICIOUS_MOVE = YES;
				CLANG_WARN_UNGUARDED_AVAILABILITY = YES_AGGRESSIVE;
				CLANG_WARN_UNREACHABLE_CODE = YES;
				CLANG_WARN__DUPLICATE_METHOD_MATCH = YES;
				CODE_SIGN_IDENTITY = "iPhone Developer";
				COPY_PHASE_STRIP = NO;
				DEBUG_INFORMATION_FORMAT = "dwarf-with-dsym";
				ENABLE_NS_ASSERTIONS = NO;
				ENABLE_STRICT_OBJC_MSGSEND = YES;
				GCC_C_LANGUAGE_STANDARD = gnu11;
				GCC_NO_COMMON_BLOCKS = YES;
				GCC_WARN_64_TO_32_BIT_CONVERSION = YES;
				GCC_WARN_ABOUT_RETURN_TYPE = YES_ERROR;
				GCC_WARN_UNDECLARED_SELECTOR = YES;
				GCC_WARN_UNINITIALIZED_AUTOS = YES_AGGRESSIVE;
				GCC_WARN_UNUSED_FUNCTION = YES;
				GCC_WARN_UNUSED_VARIABLE = YES;
				IPHONEOS_DEPLOYMENT_TARGET = 12.0;
				MTL_ENABLE_DEBUG_INFO = NO;
				MTL_FAST_MATH = YES;
				SDKROOT = iphoneos;
				VALIDATE_PRODUCT = YES;
			};
			name = Release;
		};
		07D893F221C1350400FF1572 /* Debug */ = {
			isa = XCBuildConfiguration;
			buildSettings = {
				ASSETCATALOG_COMPILER_APPICON_NAME = AppIcon;
				CODE_SIGN_STYLE = Manual;
				DEVELOPMENT_TEAM = GZXZ6RN6N6;
				INFOPLIST_FILE = "001--fishHookDemo/Info.plist";
				IPHONEOS_DEPLOYMENT_TARGET = 11.0;
				LD_RUNPATH_SEARCH_PATHS = (
					"$(inherited)",
					"@executable_path/Frameworks",
				);
				PRODUCT_BUNDLE_IDENTIFIER = com.logic.LogicDemo1;
				PRODUCT_NAME = "$(TARGET_NAME)";
				PROVISIONING_PROFILE_SPECIFIER = WildCard;
				TARGETED_DEVICE_FAMILY = "1,2";
			};
			name = Debug;
		};
		07D893F321C1350400FF1572 /* Release */ = {
			isa = XCBuildConfiguration;
			buildSettings = {
				ASSETCATALOG_COMPILER_APPICON_NAME = AppIcon;
				CODE_SIGN_STYLE = Manual;
				DEVELOPMENT_TEAM = GZXZ6RN6N6;
				INFOPLIST_FILE = "001--fishHookDemo/Info.plist";
				IPHONEOS_DEPLOYMENT_TARGET = 11.0;
				LD_RUNPATH_SEARCH_PATHS = (
					"$(inherited)",
					"@executable_path/Frameworks",
				);
				PRODUCT_BUNDLE_IDENTIFIER = com.logic.LogicDemo1;
				PRODUCT_NAME = "$(TARGET_NAME)";
				PROVISIONING_PROFILE_SPECIFIER = WildCard;
				TARGETED_DEVICE_FAMILY = "1,2";
			};
			name = Release;
		};
/* End XCBuildConfiguration section */

/* Begin XCConfigurationList section */
		07D893C021C1350200FF1572 /* Build configuration list for PBXProject "001--fishHookDemo" */ = {
			isa = XCConfigurationList;
			buildConfigurations = (
				07D893EF21C1350400FF1572 /* Debug */,
				07D893F021C1350400FF1572 /* Release */,
			);
			defaultConfigurationIsVisible = 0;
			defaultConfigurationName = Release;
		};
		07D893F121C1350400FF1572 /* Build configuration list for PBXNativeTarget "001--fishHookDemo" */ = {
			isa = XCConfigurationList;
			buildConfigurations = (
				07D893F221C1350400FF1572 /* Debug */,
				07D893F321C1350400FF1572 /* Release */,
			);
			defaultConfigurationIsVisible = 0;
			defaultConfigurationName = Release;
		};
/* End XCConfigurationList section */
	};
	rootObject = 07D893BD21C1350200FF1572 /* Project object */;
}
